
Microsoft Visual Studio Solution File, Format Version 12.00
# Visual Studio Version 17
VisualStudioVersion = 17.9.34701.34
MinimumVisualStudioVersion = 10.0.40219.1
Project("{8BC9CEB8-8B4A-11D0-8D11-00A0C91BC942}") = "INEP-Sesion1", "INEP-Sesion1.vcxproj", "{5832FC2F-9C40-471E-8609-94D91DEB1177}"
EndProject
Global
	GlobalSection(SolutionConfigurationPlatforms) = preSolution
		Debug|x64 = Debug|x64
		Debug|x86 = Debug|x86
		Release|x64 = Release|x64
		Release|x86 = Release|x86
	EndGlobalSection
	GlobalSection(ProjectConfigurationPlatforms) = postSolution
		{5832FC2F-9C40-471E-8609-94D91DEB1177}.Debug|x64.ActiveCfg = Debug|x64
		{5832FC2F-9C40-471E-8609-94D91DEB1177}.Debug|x64.Build.0 = Debug|x64
		{5832FC2F-9C40-471E-8609-94D91DEB1177}.Debug|x86.ActiveCfg = Debug|Win32
		{5832FC2F-9C40-471E-8609-94D91DEB1177}.Debug|x86.Build.0 = Debug|Win32
		{5832FC2F-9C40-471E-8609-94D91DEB1177}.Release|x64.ActiveCfg = Release|x64
		{5832FC2F-9C40-471E-8609-94D91DEB1177}.Release|x64.Build.0 = Release|x64
		{5832FC2F-9C40-471E-8609-94D91DEB1177}.Release|x86.ActiveCfg = Release|Win32
		{5832FC2F-9C40-471E-8609-94D91DEB1177}.Release|x86.Build.0 = Release|Win32
	EndGlobalSection
	GlobalSection(SolutionProperties) = preSolution
		HideSolutionNode = FALSE
	EndGlobalSection
	GlobalSection(ExtensibilityGlobals) = postSolution
		SolutionGuid = {ACF83FD7-7355-4771-9183-23627303831B}
	EndGlobalSection
EndGlobal
